<Solution>
  <Project Path="CarrierIntegrationWebApp/CarrierIntegrationWebApp.csproj" />
  <Project Path="SpeedShipIntegrationService/SpeedShipIntegrationService.csproj" />
  <Project Path="CarrierIntegrationCore/CarrierIntegrationCore.csproj" />
  <Project Path="CarrierIntegrationModel.Tests/CarrierIntegrationModel.Tests.csproj" />
  <Project Path="CarrierIntegrationModel/CarrierIntegrationModel.csproj" />
</Solution>
